// !$*UTF8*$!
{
	archiveVersion = 1;
	classes = {
	};
	objectVersion = 77;
	objects = {

/* Begin PBXContainerItemProxy section */
		B010DBDE2D2F890000212256 /* PBXContainerItemProxy */ = {
			isa = PBXContainerItemProxy;
			containerPortal = B010DBC52D2F88FD00212256 /* Project object */;
			proxyType = 1;
			remoteGlobalIDString = B010DBCC2D2F88FD00212256;
			remoteInfo = "CS342-Assignment1";
		};
		B010DBE82D2F890000212256 /* PBXContainerItemProxy */ = {
			isa = PBXContainerItemProxy;
			containerPortal = B010DBC52D2F88FD00212256 /* Project object */;
			proxyType = 1;
			remoteGlobalIDString = B010DBCC2D2F88FD00212256;
			remoteInfo = "CS342-Assignment1";
		};
/* End PBXContainerItemProxy section */

/* Begin PBXFileReference section */
		B010DBCD2D2F88FE00212256 /* CS342-Assignment1.app */ = {isa = PBXFileReference; explicitFileType = wrapper.application; includeInIndex = 0; path = "CS342-Assignment1.app"; sourceTree = BUILT_PRODUCTS_DIR; };
		B010DBDD2D2F890000212256 /* CS342-Assignment1Tests.xctest */ = {isa = PBXFileReference; explicitFileType = wrapper.cfbundle; includeInIndex = 0; path = "CS342-Assignment1Tests.xctest"; sourceTree = BUILT_PRODUCTS_DIR; };
		B010DBE72D2F890000212256 /* CS342-Assignment1UITests.xctest */ = {isa = PBXFileReference; explicitFileType = wrapper.cfbundle; includeInIndex = 0; path = "CS342-Assignment1UITests.xctest"; sourceTree = BUILT_PRODUCTS_DIR; };
/* End PBXFileReference section */

/* Begin PBXFileSystemSynchronizedRootGroup section */
		B010DBCF2D2F88FE00212256 /* CS342-Assignment1 */ = {
			isa = PBXFileSystemSynchronizedRootGroup;
			path = "CS342-Assignment1";
			sourceTree = "<group>";
		};
		B010DBE02D2F890000212256 /* CS342-Assignment1Tests */ = {
			isa = PBXFileSystemSynchronizedRootGroup;
			path = "CS342-Assignment1Tests";
			sourceTree = "<group>";
		};
		B010DBEA2D2F890000212256 /* CS342-Assignment1UITests */ = {
			isa = PBXFileSystemSynchronizedRootGroup;
			path = "CS342-Assignment1UITests";
			sourceTree = "<group>";
		};
/* End PBXFileSystemSynchronizedRootGroup section */

/* Begin PBXFrameworksBuildPhase section */
		B010DBCA2D2F88FD00212256 /* Frameworks */ = {
			isa = PBXFrameworksBuildPhase;
			buildActionMask = 2147483647;
			files = (
			);
			runOnlyForDeploymentPostprocessing = 0;
		};
		B010DBDA2D2F890000212256 /* Frameworks */ = {
			isa = PBXFrameworksBuildPhase;
			buildActionMask = 2147483647;
			files = (
			);
			runOnlyForDeploymentPostprocessing = 0;
		};
		B010DBE42D2F890000212256 /* Frameworks */ = {
			isa = PBXFrameworksBuildPhase;
			buildActionMask = 2147483647;
			files = (
			);
			runOnlyForDeploymentPostprocessing = 0;
		};
/* End PBXFrameworksBuildPhase section */

/* Begin PBXGroup section */
		B010DBC42D2F88FD00212256 = {
			isa = PBXGroup;
			children = (
				B010DBCF2D2F88FE00212256 /* CS342-Assignment1 */,
				B010DBE02D2F890000212256 /* CS342-Assignment1Tests */,
				B010DBEA2D2F890000212256 /* CS342-Assignment1UITests */,
				B010DBCE2D2F88FE00212256 /* Products */,
			);
			sourceTree = "<group>";
		};
		B010DBCE2D2F88FE00212256 /* Products */ = {
			isa = PBXGroup;
			children = (
				B010DBCD2D2F88FE00212256 /* CS342-Assignment1.app */,
				B010DBDD2D2F890000212256 /* CS342-Assignment1Tests.xctest */,
				B010DBE72D2F890000212256 /* CS342-Assignment1UITests.xctest */,
			);
			name = Products;
			sourceTree = "<group>";
		};
/* End PBXGroup section */

/* Begin PBXNativeTarget section */
		B010DBCC2D2F88FD00212256 /* CS342-Assignment1 */ = {
			isa = PBXNativeTarget;
			buildConfigurationList = B010DBF12D2F890000212256 /* Build configuration list for PBXNativeTarget "CS342-Assignment1" */;
			buildPhases = (
				B010DBC92D2F88FD00212256 /* Sources */,
				B010DBCA2D2F88FD00212256 /* Frameworks */,
				B010DBCB2D2F88FD00212256 /* Resources */,
			);
			buildRules = (
			);
			dependencies = (
			);
			fileSystemSynchronizedGroups = (
				B010DBCF2D2F88FE00212256 /* CS342-Assignment1 */,
			);
			name = "CS342-Assignment1";
			packageProductDependencies = (
			);
			productName = "CS342-Assignment1";
			productReference = B010DBCD2D2F88FE00212256 /* CS342-Assignment1.app */;
			productType = "com.apple.product-type.application";
		};
		B010DBDC2D2F890000212256 /* CS342-Assignment1Tests */ = {
			isa = PBXNativeTarget;
			buildConfigurationList = B010DBF42D2F890000212256 /* Build configuration list for PBXNativeTarget "CS342-Assignment1Tests" */;
			buildPhases = (
				B010DBD92D2F890000212256 /* Sources */,
				B010DBDA2D2F890000212256 /* Frameworks */,
				B010DBDB2D2F890000212256 /* Resources */,
			);
			buildRules = (
			);
			dependencies = (
				B010DBDF2D2F890000212256 /* PBXTargetDependency */,
			);
			fileSystemSynchronizedGroups = (
				B010DBE02D2F890000212256 /* CS342-Assignment1Tests */,
			);
			name = "CS342-Assignment1Tests";
			packageProductDependencies = (
			);
			productName = "CS342-Assignment1Tests";
			productReference = B010DBDD2D2F890000212256 /* CS342-Assignment1Tests.xctest */;
			productType = "com.apple.product-type.bundle.unit-test";
		};
		B010DBE62D2F890000212256 /* CS342-Assignment1UITests */ = {
			isa = PBXNativeTarget;
			buildConfigurationList = B010DBF72D2F890000212256 /* Build configuration list for PBXNativeTarget "CS342-Assignment1UITests" */;
			buildPhases = (
				B010DBE32D2F890000212256 /* Sources */,
				B010DBE42D2F890000212256 /* Frameworks */,
				B010DBE52D2F890000212256 /* Resources */,
			);
			buildRules = (
			);
			dependencies = (
				B010DBE92D2F890000212256 /* PBXTargetDependency */,
			);
			fileSystemSynchronizedGroups = (
				B010DBEA2D2F890000212256 /* CS342-Assignment1UITests */,
			);
			name = "CS342-Assignment1UITests";
			packageProductDependencies = (
			);
			productName = "CS342-Assignment1UITests";
			productReference = B010DBE72D2F890000212256 /* CS342-Assignment1UITests.xctest */;
			productType = "com.apple.product-type.bundle.ui-testing";
		};
/* End PBXNativeTarget section */

/* Begin PBXProject section */
		B010DBC52D2F88FD00212256 /* Project object */ = {
			isa = PBXProject;
			attributes = {
				BuildIndependentTargetsInParallel = 1;
				LastSwiftUpdateCheck = 1620;
				LastUpgradeCheck = 1620;
				TargetAttributes = {
					B010DBCC2D2F88FD00212256 = {
						CreatedOnToolsVersion = 16.2;
					};
					B010DBDC2D2F890000212256 = {
						CreatedOnToolsVersion = 16.2;
						TestTargetID = B010DBCC2D2F88FD00212256;
					};
					B010DBE62D2F890000212256 = {
						CreatedOnToolsVersion = 16.2;
						TestTargetID = B010DBCC2D2F88FD00212256;
					};
				};
			};
			buildConfigurationList = B010DBC82D2F88FD00212256 /* Build configuration list for PBXProject "CS342-Assignment1" */;
			developmentRegion = en;
			hasScannedForEncodings = 0;
			knownRegions = (
				en,
				Base,
			);
			mainGroup = B010DBC42D2F88FD00212256;
			minimizedProjectReferenceProxies = 1;
			preferredProjectObjectVersion = 77;
			productRefGroup = B010DBCE2D2F88FE00212256 /* Products */;
			projectDirPath = "";
			projectRoot = "";
			targets = (
				B010DBCC2D2F88FD00212256 /* CS342-Assignment1 */,
				B010DBDC2D2F890000212256 /* CS342-Assignment1Tests */,
				B010DBE62D2F890000212256 /* CS342-Assignment1UITests */,
			);
		};
/* End PBXProject section */

/* Begin PBXResourcesBuildPhase section */
		B010DBCB2D2F88FD00212256 /* Resources */ = {
			isa = PBXResourcesBuildPhase;
			buildActionMask = 2147483647;
			files = (
			);
			runOnlyForDeploymentPostprocessing = 0;
		};
		B010DBDB2D2F890000212256 /* Resources */ = {
			isa = PBXResourcesBuildPhase;
			buildActionMask = 2147483647;
			files = (
			);
			runOnlyForDeploymentPostprocessing = 0;
		};
		B010DBE52D2F890000212256 /* Resources */ = {
			isa = PBXResourcesBuildPhase;
			buildActionMask = 2147483647;
			files = (
			);
			runOnlyForDeploymentPostprocessing = 0;
		};
/* End PBXResourcesBuildPhase section */

/* Begin PBXSourcesBuildPhase section */
		B010DBC92D2F88FD00212256 /* Sources */ = {
			isa = PBXSourcesBuildPhase;
			buildActionMask = 2147483647;
			files = (
			);
			runOnlyForDeploymentPostprocessing = 0;
		};
		B010DBD92D2F890000212256 /* Sources */ = {
			isa = PBXSourcesBuildPhase;
			buildActionMask = 2147483647;
			files = (
			);
			runOnlyForDeploymentPostprocessing = 0;
		};
		B010DBE32D2F890000212256 /* Sources */ = {
			isa = PBXSourcesBuildPhase;
			buildActionMask = 2147483647;
			files = (
			);
			runOnlyForDeploymentPostprocessing = 0;
		};
/* End PBXSourcesBuildPhase section */

/* Begin PBXTargetDependency section */
		B010DBDF2D2F890000212256 /* PBXTargetDependency */ = {
			isa = PBXTargetDependency;
			target = B010DBCC2D2F88FD00212256 /* CS342-Assignment1 */;
			targetProxy = B010DBDE2D2F890000212256 /* PBXContainerItemProxy */;
		};
		B010DBE92D2F890000212256 /* PBXTargetDependency */ = {
			isa = PBXTargetDependency;
			target = B010DBCC2D2F88FD00212256 /* CS342-Assignment1 */;
			targetProxy = B010DBE82D2F890000212256 /* PBXContainerItemProxy */;
		};
/* End PBXTargetDependency section */

/* Begin XCBuildConfiguration section */
		B010DBEF2D2F890000212256 /* Debug */ = {
			isa = XCBuildConfiguration;
			buildSettings = {
				ALWAYS_SEARCH_USER_PATHS = NO;
				ASSETCATALOG_COMPILER_GENERATE_SWIFT_ASSET_SYMBOL_EXTENSIONS = YES;
				CLANG_ANALYZER_NONNULL = YES;
				CLANG_ANALYZER_NUMBER_OBJECT_CONVERSION = YES_AGGRESSIVE;
				CLANG_CXX_LANGUAGE_STANDARD = "gnu++20";
				CLANG_ENABLE_MODULES = YES;
				CLANG_ENABLE_OBJC_ARC = YES;
				CLANG_ENABLE_OBJC_WEAK = YES;
				CLANG_WARN_BLOCK_CAPTURE_AUTORELEASING = YES;
				CLANG_WARN_BOOL_CONVERSION = YES;
				CLANG_WARN_COMMA = YES;
				CLANG_WARN_CONSTANT_CONVERSION = YES;
				CLANG_WARN_DEPRECATED_OBJC_IMPLEMENTATIONS = YES;
				CLANG_WARN_DIRECT_OBJC_ISA_USAGE = YES_ERROR;
				CLANG_WARN_DOCUMENTATION_COMMENTS = YES;
				CLANG_WARN_EMPTY_BODY = YES;
				CLANG_WARN_ENUM_CONVERSION = YES;
				CLANG_WARN_INFINITE_RECURSION = YES;
				CLANG_WARN_INT_CONVERSION = YES;
				CLANG_WARN_NON_LITERAL_NULL_CONVERSION = YES;
				CLANG_WARN_OBJC_IMPLICIT_RETAIN_SELF = YES;
				CLANG_WARN_OBJC_LITERAL_CONVERSION = YES;
				CLANG_WARN_OBJC_ROOT_CLASS = YES_ERROR;
				CLANG_WARN_QUOTED_INCLUDE_IN_FRAMEWORK_HEADER = YES;
				CLANG_WARN_RANGE_LOOP_ANALYSIS = YES;
				CLANG_WARN_STRICT_PROTOTYPES = YES;
				CLANG_WARN_SUSPICIOUS_MOVE = YES;
				CLANG_WARN_UNGUARDED_AVAILABILITY = YES_AGGRESSIVE;
				CLANG_WARN_UNREACHABLE_CODE = YES;
				CLANG_WARN__DUPLICATE_METHOD_MATCH = YES;
				COPY_PHASE_STRIP = NO;
				DEBUG_INFORMATION_FORMAT = dwarf;
				ENABLE_STRICT_OBJC_MSGSEND = YES;
				ENABLE_TESTABILITY = YES;
				ENABLE_USER_SCRIPT_SANDBOXING = YES;
				GCC_C_LANGUAGE_STANDARD = gnu17;
				GCC_DYNAMIC_NO_PIC = NO;
				GCC_NO_COMMON_BLOCKS = YES;
				GCC_OPTIMIZATION_LEVEL = 0;
				GCC_PREPROCESSOR_DEFINITIONS = (
					"DEBUG=1",
					"$(inherited)",
				);
				GCC_WARN_64_TO_32_BIT_CONVERSION = YES;
				GCC_WARN_ABOUT_RETURN_TYPE = YES_ERROR;
				GCC_WARN_UNDECLARED_SELECTOR = YES;
				GCC_WARN_UNINITIALIZED_AUTOS = YES_AGGRESSIVE;
				GCC_WARN_UNUSED_FUNCTION = YES;
				GCC_WARN_UNUSED_VARIABLE = YES;
				IPHONEOS_DEPLOYMENT_TARGET = 18.2;
				LOCALIZATION_PREFERS_STRING_CATALOGS = YES;
				MTL_ENABLE_DEBUG_INFO = INCLUDE_SOURCE;
				MTL_FAST_MATH = YES;
				ONLY_ACTIVE_ARCH = YES;
				SDKROOT = iphoneos;
				SWIFT_ACTIVE_COMPILATION_CONDITIONS = "DEBUG $(inherited)";
				SWIFT_OPTIMIZATION_LEVEL = "-Onone";
			};
			name = Debug;
		};
		B010DBF02D2F890000212256 /* Release */ = {
			isa = XCBuildConfiguration;
			buildSettings = {
				ALWAYS_SEARCH_USER_PATHS = NO;
				ASSETCATALOG_COMPILER_GENERATE_SWIFT_ASSET_SYMBOL_EXTENSIONS = YES;
				CLANG_ANALYZER_NONNULL = YES;
				CLANG_ANALYZER_NUMBER_OBJECT_CONVERSION = YES_AGGRESSIVE;
				CLANG_CXX_LANGUAGE_STANDARD = "gnu++20";
				CLANG_ENABLE_MODULES = YES;
				CLANG_ENABLE_OBJC_ARC = YES;
				CLANG_ENABLE_OBJC_WEAK = YES;
				CLANG_WARN_BLOCK_CAPTURE_AUTORELEASING = YES;
				CLANG_WARN_BOOL_CONVERSION = YES;
				CLANG_WARN_COMMA = YES;
				CLANG_WARN_CONSTANT_CONVERSION = YES;
				CLANG_WARN_DEPRECATED_OBJC_IMPLEMENTATIONS = YES;
				CLANG_WARN_DIRECT_OBJC_ISA_USAGE = YES_ERROR;
				CLANG_WARN_DOCUMENTATION_COMMENTS = YES;
				CLANG_WARN_EMPTY_BODY = YES;
				CLANG_WARN_ENUM_CONVERSION = YES;
				CLANG_WARN_INFINITE_RECURSION = YES;
				CLANG_WARN_INT_CONVERSION = YES;
				CLANG_WARN_NON_LITERAL_NULL_CONVERSION = YES;
				CLANG_WARN_OBJC_IMPLICIT_RETAIN_SELF = YES;
				CLANG_WARN_OBJC_LITERAL_CONVERSION = YES;
				CLANG_WARN_OBJC_ROOT_CLASS = YES_ERROR;
				CLANG_WARN_QUOTED_INCLUDE_IN_FRAMEWORK_HEADER = YES;
				CLANG_WARN_RANGE_LOOP_ANALYSIS = YES;
				CLANG_WARN_STRICT_PROTOTYPES = YES;
				CLANG_WARN_SUSPICIOUS_MOVE = YES;
				CLANG_WARN_UNGUARDED_AVAILABILITY = YES_AGGRESSIVE;
				CLANG_WARN_UNREACHABLE_CODE = YES;
				CLANG_WARN__DUPLICATE_METHOD_MATCH = YES;
				COPY_PHASE_STRIP = NO;
				DEBUG_INFORMATION_FORMAT = "dwarf-with-dsym";
				ENABLE_NS_ASSERTIONS = NO;
				ENABLE_STRICT_OBJC_MSGSEND = YES;
				ENABLE_USER_SCRIPT_SANDBOXING = YES;
				GCC_C_LANGUAGE_STANDARD = gnu17;
				GCC_NO_COMMON_BLOCKS = YES;
				GCC_WARN_64_TO_32_BIT_CONVERSION = YES;
				GCC_WARN_ABOUT_RETURN_TYPE = YES_ERROR;
				GCC_WARN_UNDECLARED_SELECTOR = YES;
				GCC_WARN_UNINITIALIZED_AUTOS = YES_AGGRESSIVE;
				GCC_WARN_UNUSED_FUNCTION = YES;
				GCC_WARN_UNUSED_VARIABLE = YES;
				IPHONEOS_DEPLOYMENT_TARGET = 18.2;
				LOCALIZATION_PREFERS_STRING_CATALOGS = YES;
				MTL_ENABLE_DEBUG_INFO = NO;
				MTL_FAST_MATH = YES;
				SDKROOT = iphoneos;
				SWIFT_COMPILATION_MODE = wholemodule;
				VALIDATE_PRODUCT = YES;
			};
			name = Release;
		};
		B010DBF22D2F890000212256 /* Debug */ = {
			isa = XCBuildConfiguration;
			buildSettings = {
				ASSETCATALOG_COMPILER_APPICON_NAME = AppIcon;
				ASSETCATALOG_COMPILER_GLOBAL_ACCENT_COLOR_NAME = AccentColor;
				CODE_SIGN_STYLE = Automatic;
				CURRENT_PROJECT_VERSION = 1;
				DEVELOPMENT_ASSET_PATHS = "\"CS342-Assignment1/Preview Content\"";
				ENABLE_PREVIEWS = YES;
				GENERATE_INFOPLIST_FILE = YES;
				INFOPLIST_KEY_UIApplicationSceneManifest_Generation = YES;
				INFOPLIST_KEY_UIApplicationSupportsIndirectInputEvents = YES;
				INFOPLIST_KEY_UILaunchScreen_Generation = YES;
				INFOPLIST_KEY_UISupportedInterfaceOrientations_iPad = "UIInterfaceOrientationPortrait UIInterfaceOrientationPortraitUpsideDown UIInterfaceOrientationLandscapeLeft UIInterfaceOrientationLandscapeRight";
				INFOPLIST_KEY_UISupportedInterfaceOrientations_iPhone = "UIInterfaceOrientationPortrait UIInterfaceOrientationLandscapeLeft UIInterfaceOrientationLandscapeRight";
				LD_RUNPATH_SEARCH_PATHS = (
					"$(inherited)",
					"@executable_path/Frameworks",
				);
				MARKETING_VERSION = 1.0;
				PRODUCT_BUNDLE_IDENTIFIER = "Stanford.CS342-Assignment1";
				PRODUCT_NAME = "$(TARGET_NAME)";
				SWIFT_EMIT_LOC_STRINGS = YES;
				SWIFT_VERSION = 5.0;
				TARGETED_DEVICE_FAMILY = "1,2";
			};
			name = Debug;
		};
		B010DBF32D2F890000212256 /* Release */ = {
			isa = XCBuildConfiguration;
			buildSettings = {
				ASSETCATALOG_COMPILER_APPICON_NAME = AppIcon;
				ASSETCATALOG_COMPILER_GLOBAL_ACCENT_COLOR_NAME = AccentColor;
				CODE_SIGN_STYLE = Automatic;
				CURRENT_PROJECT_VERSION = 1;
				DEVELOPMENT_ASSET_PATHS = "\"CS342-Assignment1/Preview Content\"";
				ENABLE_PREVIEWS = YES;
				GENERATE_INFOPLIST_FILE = YES;
				INFOPLIST_KEY_UIApplicationSceneManifest_Generation = YES;
				INFOPLIST_KEY_UIApplicationSupportsIndirectInputEvents = YES;
				INFOPLIST_KEY_UILaunchScreen_Generation = YES;
				INFOPLIST_KEY_UISupportedInterfaceOrientations_iPad = "UIInterfaceOrientationPortrait UIInterfaceOrientationPortraitUpsideDown UIInterfaceOrientationLandscapeLeft UIInterfaceOrientationLandscapeRight";
				INFOPLIST_KEY_UISupportedInterfaceOrientations_iPhone = "UIInterfaceOrientationPortrait UIInterfaceOrientationLandscapeLeft UIInterfaceOrientationLandscapeRight";
				LD_RUNPATH_SEARCH_PATHS = (
					"$(inherited)",
					"@executable_path/Frameworks",
				);
				MARKETING_VERSION = 1.0;
				PRODUCT_BUNDLE_IDENTIFIER = "Stanford.CS342-Assignment1";
				PRODUCT_NAME = "$(TARGET_NAME)";
				SWIFT_EMIT_LOC_STRINGS = YES;
				SWIFT_VERSION = 5.0;
				TARGETED_DEVICE_FAMILY = "1,2";
			};
			name = Release;
		};
		B010DBF52D2F890000212256 /* Debug */ = {
			isa = XCBuildConfiguration;
			buildSettings = {
				BUNDLE_LOADER = "$(TEST_HOST)";
				CODE_SIGN_STYLE = Automatic;
				CURRENT_PROJECT_VERSION = 1;
				GENERATE_INFOPLIST_FILE = YES;
				IPHONEOS_DEPLOYMENT_TARGET = 18.2;
				MARKETING_VERSION = 1.0;
				PRODUCT_BUNDLE_IDENTIFIER = "Stanford.CS342-Assignment1Tests";
				PRODUCT_NAME = "$(TARGET_NAME)";
				SWIFT_EMIT_LOC_STRINGS = NO;
				SWIFT_VERSION = 5.0;
				TARGETED_DEVICE_FAMILY = "1,2";
				TEST_HOST = "$(BUILT_PRODUCTS_DIR)/CS342-Assignment1.app/$(BUNDLE_EXECUTABLE_FOLDER_PATH)/CS342-Assignment1";
			};
			name = Debug;
		};
		B010DBF62D2F890000212256 /* Release */ = {
			isa = XCBuildConfiguration;
			buildSettings = {
				BUNDLE_LOADER = "$(TEST_HOST)";
				CODE_SIGN_STYLE = Automatic;
				CURRENT_PROJECT_VERSION = 1;
				GENERATE_INFOPLIST_FILE = YES;
				IPHONEOS_DEPLOYMENT_TARGET = 18.2;
				MARKETING_VERSION = 1.0;
				PRODUCT_BUNDLE_IDENTIFIER = "Stanford.CS342-Assignment1Tests";
				PRODUCT_NAME = "$(TARGET_NAME)";
				SWIFT_EMIT_LOC_STRINGS = NO;
				SWIFT_VERSION = 5.0;
				TARGETED_DEVICE_FAMILY = "1,2";
				TEST_HOST = "$(BUILT_PRODUCTS_DIR)/CS342-Assignment1.app/$(BUNDLE_EXECUTABLE_FOLDER_PATH)/CS342-Assignment1";
			};
			name = Release;
		};
		B010DBF82D2F890000212256 /* Debug */ = {
			isa = XCBuildConfiguration;
			buildSettings = {
				CODE_SIGN_STYLE = Automatic;
				CURRENT_PROJECT_VERSION = 1;
				GENERATE_INFOPLIST_FILE = YES;
				MARKETING_VERSION = 1.0;
				PRODUCT_BUNDLE_IDENTIFIER = "Stanford.CS342-Assignment1UITests";
				PRODUCT_NAME = "$(TARGET_NAME)";
				SWIFT_EMIT_LOC_STRINGS = NO;
				SWIFT_VERSION = 5.0;
				TARGETED_DEVICE_FAMILY = "1,2";
				TEST_TARGET_NAME = "CS342-Assignment1";
			};
			name = Debug;
		};
		B010DBF92D2F890000212256 /* Release */ = {
			isa = XCBuildConfiguration;
			buildSettings = {
				CODE_SIGN_STYLE = Automatic;
				CURRENT_PROJECT_VERSION = 1;
				GENERATE_INFOPLIST_FILE = YES;
				MARKETING_VERSION = 1.0;
				PRODUCT_BUNDLE_IDENTIFIER = "Stanford.CS342-Assignment1UITests";
				PRODUCT_NAME = "$(TARGET_NAME)";
				SWIFT_EMIT_LOC_STRINGS = NO;
				SWIFT_VERSION = 5.0;
				TARGETED_DEVICE_FAMILY = "1,2";
				TEST_TARGET_NAME = "CS342-Assignment1";
			};
			name = Release;
		};
/* End XCBuildConfiguration section */

/* Begin XCConfigurationList section */
		B010DBC82D2F88FD00212256 /* Build configuration list for PBXProject "CS342-Assignment1" */ = {
			isa = XCConfigurationList;
			buildConfigurations = (
				B010DBEF2D2F890000212256 /* Debug */,
				B010DBF02D2F890000212256 /* Release */,
			);
			defaultConfigurationIsVisible = 0;
			defaultConfigurationName = Release;
		};
		B010DBF12D2F890000212256 /* Build configuration list for PBXNativeTarget "CS342-Assignment1" */ = {
			isa = XCConfigurationList;
			buildConfigurations = (
				B010DBF22D2F890000212256 /* Debug */,
				B010DBF32D2F890000212256 /* Release */,
			);
			defaultConfigurationIsVisible = 0;
			defaultConfigurationName = Release;
		};
		B010DBF42D2F890000212256 /* Build configuration list for PBXNativeTarget "CS342-Assignment1Tests" */ = {
			isa = XCConfigurationList;
			buildConfigurations = (
				B010DBF52D2F890000212256 /* Debug */,
				B010DBF62D2F890000212256 /* Release */,
			);
			defaultConfigurationIsVisible = 0;
			defaultConfigurationName = Release;
		};
		B010DBF72D2F890000212256 /* Build configuration list for PBXNativeTarget "CS342-Assignment1UITests" */ = {
			isa = XCConfigurationList;
			buildConfigurations = (
				B010DBF82D2F890000212256 /* Debug */,
				B010DBF92D2F890000212256 /* Release */,
			);
			defaultConfigurationIsVisible = 0;
			defaultConfigurationName = Release;
		};
/* End XCConfigurationList section */
	};
	rootObject = B010DBC52D2F88FD00212256 /* Project object */;
}
